
Microsoft Visual Studio Solution File, Format Version 12.00
# Visual Studio 15
VisualStudioVersion = 15.0.28307.329
MinimumVisualStudioVersion = 10.0.40219.1
Project("{FAE04EC0-301F-11D3-BF4B-00C04F79EFBC}") = "CoinToss", "CoinToss\CoinToss.csproj", "{D8345332-0001-4233-B327-5E8449654468}"
EndProject
Global
	GlobalSection(SolutionConfigurationPlatforms) = preSolution
		Debug|Any CPU = Debug|Any CPU
		Release|Any CPU = Release|Any CPU
	EndGlobalSection
	GlobalSection(ProjectConfigurationPlatforms) = postSolution
		{D8345332-0001-4233-B327-5E8449654468}.Debug|Any CPU.ActiveCfg = Debug|Any CPU
		{D8345332-0001-4233-B327-5E8449654468}.Debug|Any CPU.Build.0 = Debug|Any CPU
		{D8345332-0001-4233-B327-5E8449654468}.Release|Any CPU.ActiveCfg = Release|Any CPU
		{D8345332-0001-4233-B327-5E8449654468}.Release|Any CPU.Build.0 = Release|Any CPU
	EndGlobalSection
	GlobalSection(SolutionProperties) = preSolution
		HideSolutionNode = FALSE
	EndGlobalSection
	GlobalSection(ExtensibilityGlobals) = postSolution
		SolutionGuid = {61413D9C-8917-458F-87E3-73558046227E}
	EndGlobalSection
EndGlobal
